
Microsoft Visual Studio Solution File, Format Version 12.00
# Visual Studio Version 17
VisualStudioVersion = 17.11.35327.3
MinimumVisualStudioVersion = 10.0.40219.1
Project("{FAE04EC0-301F-11D3-BF4B-00C04F79EFBC}") = "ExampleGoogleSheetsSimple", "ExampleGoogleSheetsSimple.csproj", "{AD177974-C3DA-4CEA-B767-67ABAD22568D}"
EndProject
Global
	GlobalSection(SolutionConfigurationPlatforms) = preSolution
		Debug|Any CPU = Debug|Any CPU
		Release|Any CPU = Release|Any CPU
	EndGlobalSection
	GlobalSection(ProjectConfigurationPlatforms) = postSolution
		{AD177974-C3DA-4CEA-B767-67ABAD22568D}.Debug|Any CPU.ActiveCfg = Debug|Any CPU
		{AD177974-C3DA-4CEA-B767-67ABAD22568D}.Debug|Any CPU.Build.0 = Debug|Any CPU
		{AD177974-C3DA-4CEA-B767-67ABAD22568D}.Release|Any CPU.ActiveCfg = Release|Any CPU
		{AD177974-C3DA-4CEA-B767-67ABAD22568D}.Release|Any CPU.Build.0 = Release|Any CPU
	EndGlobalSection
	GlobalSection(SolutionProperties) = preSolution
		HideSolutionNode = FALSE
	EndGlobalSection
	GlobalSection(ExtensibilityGlobals) = postSolution
		SolutionGuid = {33905BE9-D2ED-4002-B06D-EB81995C85E7}
	EndGlobalSection
EndGlobal
